
Microsoft Visual Studio Solution File, Format Version 12.00
# Visual Studio 15
VisualStudioVersion = 15.0.27004.2005
MinimumVisualStudioVersion = 10.0.40219.1
Project("{9A19103F-16F7-4668-BE54-9A1E7A4F7556}") = "GoCDTest", "GoCDTest\GoCDTest.csproj", "{DA3ED934-133F-46E8-8845-60162F96C8E4}"
EndProject
Project("{9A19103F-16F7-4668-BE54-9A1E7A4F7556}") = "UnitTestProject1", "UnitTestProject1\UnitTestProject1.csproj", "{469CE3E6-DE9D-49C2-A39C-E68BC5C663CB}"
EndProject
Global
	GlobalSection(SolutionConfigurationPlatforms) = preSolution
		Debug|Any CPU = Debug|Any CPU
		Debug|x64 = Debug|x64
		Debug|x86 = Debug|x86
		Release|Any CPU = Release|Any CPU
		Release|x64 = Release|x64
		Release|x86 = Release|x86
	EndGlobalSection
	GlobalSection(ProjectConfigurationPlatforms) = postSolution
		{DA3ED934-133F-46E8-8845-60162F96C8E4}.Debug|Any CPU.ActiveCfg = Debug|Any CPU
		{DA3ED934-133F-46E8-8845-60162F96C8E4}.Debug|Any CPU.Build.0 = Debug|Any CPU
		{DA3ED934-133F-46E8-8845-60162F96C8E4}.Debug|x64.ActiveCfg = Debug|Any CPU
		{DA3ED934-133F-46E8-8845-60162F96C8E4}.Debug|x64.Build.0 = Debug|Any CPU
		{DA3ED934-133F-46E8-8845-60162F96C8E4}.Debug|x86.ActiveCfg = Debug|Any CPU
		{DA3ED934-133F-46E8-8845-60162F96C8E4}.Debug|x86.Build.0 = Debug|Any CPU
		{DA3ED934-133F-46E8-8845-60162F96C8E4}.Release|Any CPU.ActiveCfg = Release|Any CPU
		{DA3ED934-133F-46E8-8845-60162F96C8E4}.Release|Any CPU.Build.0 = Release|Any CPU
		{DA3ED934-133F-46E8-8845-60162F96C8E4}.Release|x64.ActiveCfg = Release|Any CPU
		{DA3ED934-133F-46E8-8845-60162F96C8E4}.Release|x64.Build.0 = Release|Any CPU
		{DA3ED934-133F-46E8-8845-60162F96C8E4}.Release|x86.ActiveCfg = Release|Any CPU
		{DA3ED934-133F-46E8-8845-60162F96C8E4}.Release|x86.Build.0 = Release|Any CPU
		{469CE3E6-DE9D-49C2-A39C-E68BC5C663CB}.Debug|Any CPU.ActiveCfg = Debug|Any CPU
		{469CE3E6-DE9D-49C2-A39C-E68BC5C663CB}.Debug|Any CPU.Build.0 = Debug|Any CPU
		{469CE3E6-DE9D-49C2-A39C-E68BC5C663CB}.Debug|x64.ActiveCfg = Debug|Any CPU
		{469CE3E6-DE9D-49C2-A39C-E68BC5C663CB}.Debug|x64.Build.0 = Debug|Any CPU
		{469CE3E6-DE9D-49C2-A39C-E68BC5C663CB}.Debug|x86.ActiveCfg = Debug|Any CPU
		{469CE3E6-DE9D-49C2-A39C-E68BC5C663CB}.Debug|x86.Build.0 = Debug|Any CPU
		{469CE3E6-DE9D-49C2-A39C-E68BC5C663CB}.Release|Any CPU.ActiveCfg = Release|Any CPU
		{469CE3E6-DE9D-49C2-A39C-E68BC5C663CB}.Release|Any CPU.Build.0 = Release|Any CPU
		{469CE3E6-DE9D-49C2-A39C-E68BC5C663CB}.Release|x64.ActiveCfg = Release|Any CPU
		{469CE3E6-DE9D-49C2-A39C-E68BC5C663CB}.Release|x64.Build.0 = Release|Any CPU
		{469CE3E6-DE9D-49C2-A39C-E68BC5C663CB}.Release|x86.ActiveCfg = Release|Any CPU
		{469CE3E6-DE9D-49C2-A39C-E68BC5C663CB}.Release|x86.Build.0 = Release|Any CPU
	EndGlobalSection
	GlobalSection(SolutionProperties) = preSolution
		HideSolutionNode = FALSE
	EndGlobalSection
	GlobalSection(ExtensibilityGlobals) = postSolution
		SolutionGuid = {284F15F9-F396-4E33-898B-B5F4796D2444}
	EndGlobalSection
EndGlobal
